
Microsoft Visual Studio Solution File, Format Version 11.00
# Visual Studio 2010
Project("{FAE04EC0-301F-11D3-BF4B-00C04F79EFBC}") = "PlaceSearch", "PlaceSearch.csproj", "{68BAFBA3-04FE-4C10-8405-0A0F5DB1828E}"
EndProject
Project("{FAE04EC0-301F-11D3-BF4B-00C04F79EFBC}") = "ArcGISLib", "..\..\binding\ArcGISLib.csproj", "{0BB95C32-EE75-4264-AF0D-40462DB430FC}"
EndProject
Global
	GlobalSection(SolutionConfigurationPlatforms) = preSolution
		Debug|Any CPU = Debug|Any CPU
		Release|Any CPU = Release|Any CPU
	EndGlobalSection
	GlobalSection(ProjectConfigurationPlatforms) = postSolution
		{0BB95C32-EE75-4264-AF0D-40462DB430FC}.Debug|Any CPU.ActiveCfg = Debug|Any CPU
		{0BB95C32-EE75-4264-AF0D-40462DB430FC}.Debug|Any CPU.Build.0 = Debug|Any CPU
		{0BB95C32-EE75-4264-AF0D-40462DB430FC}.Release|Any CPU.ActiveCfg = Release|Any CPU
		{0BB95C32-EE75-4264-AF0D-40462DB430FC}.Release|Any CPU.Build.0 = Release|Any CPU
		{68BAFBA3-04FE-4C10-8405-0A0F5DB1828E}.Debug|Any CPU.ActiveCfg = Debug|Any CPU
		{68BAFBA3-04FE-4C10-8405-0A0F5DB1828E}.Debug|Any CPU.Build.0 = Debug|Any CPU
		{68BAFBA3-04FE-4C10-8405-0A0F5DB1828E}.Release|Any CPU.ActiveCfg = Release|Any CPU
		{68BAFBA3-04FE-4C10-8405-0A0F5DB1828E}.Release|Any CPU.Build.0 = Release|Any CPU
	EndGlobalSection
	GlobalSection(MonoDevelopProperties) = preSolution
		StartupItem = PlaceSearch.csproj
	EndGlobalSection
EndGlobal
